// !$*UTF8*$!
{
	archiveVersion = 1;
	classes = {
	};
	objectVersion = 56;
	objects = {

/* Begin PBXBuildFile section */
		77C6AA7D2B9BA10E0054A3D3 /* BooleanLetter.cpp in Sources */ = {isa = PBXBuildFile; fileRef = 77C6AA7B2B9BA10E0054A3D3 /* BooleanLetter.cpp */; };
		77E94D352B9A8272006B276C /* KMap.cpp in Sources */ = {isa = PBXBuildFile; fileRef = 77E94D332B9A8272006B276C /* KMap.cpp */; };
		77E94D372B9A84FF006B276C /* main.cpp in Sources */ = {isa = PBXBuildFile; fileRef = 77E94D362B9A84FF006B276C /* main.cpp */; };
		77E94D3A2B9AA354006B276C /* utility.cpp in Sources */ = {isa = PBXBuildFile; fileRef = 77E94D382B9AA354006B276C /* utility.cpp */; };
		77F0E1A32B9145900024CB5A /* KMapGN.cpp in Sources */ = {isa = PBXBuildFile; fileRef = 77F0E1A22B9145900024CB5A /* KMapGN.cpp */; };
/* End PBXBuildFile section */

/* Begin PBXCopyFilesBuildPhase section */
		77F0E19D2B9145900024CB5A /* CopyFiles */ = {
			isa = PBXCopyFilesBuildPhase;
			buildActionMask = 2147483647;
			dstPath = /usr/share/man/man1/;
			dstSubfolderSpec = 0;
			files = (
			);
			runOnlyForDeploymentPostprocessing = 1;
		};
/* End PBXCopyFilesBuildPhase section */

/* Begin PBXFileReference section */
		77C6AA7B2B9BA10E0054A3D3 /* BooleanLetter.cpp */ = {isa = PBXFileReference; lastKnownFileType = sourcecode.cpp.cpp; path = BooleanLetter.cpp; sourceTree = "<group>"; };
		77C6AA7C2B9BA10E0054A3D3 /* BooleanLetter.hpp */ = {isa = PBXFileReference; lastKnownFileType = sourcecode.cpp.h; path = BooleanLetter.hpp; sourceTree = "<group>"; };
		77E94D332B9A8272006B276C /* KMap.cpp */ = {isa = PBXFileReference; lastKnownFileType = sourcecode.cpp.cpp; path = KMap.cpp; sourceTree = "<group>"; };
		77E94D342B9A8272006B276C /* KMap.hpp */ = {isa = PBXFileReference; lastKnownFileType = sourcecode.cpp.h; path = KMap.hpp; sourceTree = "<group>"; };
		77E94D362B9A84FF006B276C /* main.cpp */ = {isa = PBXFileReference; lastKnownFileType = sourcecode.cpp.cpp; path = main.cpp; sourceTree = "<group>"; };
		77E94D382B9AA354006B276C /* utility.cpp */ = {isa = PBXFileReference; lastKnownFileType = sourcecode.cpp.cpp; path = utility.cpp; sourceTree = "<group>"; };
		77E94D392B9AA354006B276C /* utility.hpp */ = {isa = PBXFileReference; lastKnownFileType = sourcecode.cpp.h; path = utility.hpp; sourceTree = "<group>"; };
		77F0E19F2B9145900024CB5A /* COSC2425_PS1_KMap */ = {isa = PBXFileReference; explicitFileType = "compiled.mach-o.executable"; includeInIndex = 0; path = COSC2425_PS1_KMap; sourceTree = BUILT_PRODUCTS_DIR; };
		77F0E1A22B9145900024CB5A /* KMapGN.cpp */ = {isa = PBXFileReference; lastKnownFileType = sourcecode.cpp.cpp; path = KMapGN.cpp; sourceTree = "<group>"; };
/* End PBXFileReference section */

/* Begin PBXFrameworksBuildPhase section */
		77F0E19C2B9145900024CB5A /* Frameworks */ = {
			isa = PBXFrameworksBuildPhase;
			buildActionMask = 2147483647;
			files = (
			);
			runOnlyForDeploymentPostprocessing = 0;
		};
/* End PBXFrameworksBuildPhase section */

/* Begin PBXGroup section */
		77F0E1962B9145900024CB5A = {
			isa = PBXGroup;
			children = (
				77F0E1A12B9145900024CB5A /* COSC2425_PS1_KMap */,
				77F0E1A02B9145900024CB5A /* Products */,
			);
			sourceTree = "<group>";
		};
		77F0E1A02B9145900024CB5A /* Products */ = {
			isa = PBXGroup;
			children = (
				77F0E19F2B9145900024CB5A /* COSC2425_PS1_KMap */,
			);
			name = Products;
			sourceTree = "<group>";
		};
		77F0E1A12B9145900024CB5A /* COSC2425_PS1_KMap */ = {
			isa = PBXGroup;
			children = (
				77F0E1A22B9145900024CB5A /* KMapGN.cpp */,
				77E94D332B9A8272006B276C /* KMap.cpp */,
				77E94D342B9A8272006B276C /* KMap.hpp */,
				77E94D362B9A84FF006B276C /* main.cpp */,
				77E94D382B9AA354006B276C /* utility.cpp */,
				77E94D392B9AA354006B276C /* utility.hpp */,
				77C6AA7B2B9BA10E0054A3D3 /* BooleanLetter.cpp */,
				77C6AA7C2B9BA10E0054A3D3 /* BooleanLetter.hpp */,
			);
			path = COSC2425_PS1_KMap;
			sourceTree = "<group>";
		};
/* End PBXGroup section */

/* Begin PBXNativeTarget section */
		77F0E19E2B9145900024CB5A /* COSC2425_PS1_KMap */ = {
			isa = PBXNativeTarget;
			buildConfigurationList = 77F0E1A62B9145900024CB5A /* Build configuration list for PBXNativeTarget "COSC2425_PS1_KMap" */;
			buildPhases = (
				77F0E19B2B9145900024CB5A /* Sources */,
				77F0E19C2B9145900024CB5A /* Frameworks */,
				77F0E19D2B9145900024CB5A /* CopyFiles */,
			);
			buildRules = (
			);
			dependencies = (
			);
			name = COSC2425_PS1_KMap;
			productName = COSC2425_PS1_KMap;
			productReference = 77F0E19F2B9145900024CB5A /* COSC2425_PS1_KMap */;
			productType = "com.apple.product-type.tool";
		};
/* End PBXNativeTarget section */

/* Begin PBXProject section */
		77F0E1972B9145900024CB5A /* Project object */ = {
			isa = PBXProject;
			attributes = {
				BuildIndependentTargetsInParallel = 1;
				LastUpgradeCheck = 1420;
				TargetAttributes = {
					77F0E19E2B9145900024CB5A = {
						CreatedOnToolsVersion = 14.2;
					};
				};
			};
			buildConfigurationList = 77F0E19A2B9145900024CB5A /* Build configuration list for PBXProject "COSC2425_PS1_KMap" */;
			compatibilityVersion = "Xcode 14.0";
			developmentRegion = en;
			hasScannedForEncodings = 0;
			knownRegions = (
				en,
				Base,
			);
			mainGroup = 77F0E1962B9145900024CB5A;
			productRefGroup = 77F0E1A02B9145900024CB5A /* Products */;
			projectDirPath = "";
			projectRoot = "";
			targets = (
				77F0E19E2B9145900024CB5A /* COSC2425_PS1_KMap */,
			);
		};
/* End PBXProject section */

/* Begin PBXSourcesBuildPhase section */
		77F0E19B2B9145900024CB5A /* Sources */ = {
			isa = PBXSourcesBuildPhase;
			buildActionMask = 2147483647;
			files = (
				77E94D3A2B9AA354006B276C /* utility.cpp in Sources */,
				77E94D352B9A8272006B276C /* KMap.cpp in Sources */,
				77C6AA7D2B9BA10E0054A3D3 /* BooleanLetter.cpp in Sources */,
				77F0E1A32B9145900024CB5A /* KMapGN.cpp in Sources */,
				77E94D372B9A84FF006B276C /* main.cpp in Sources */,
			);
			runOnlyForDeploymentPostprocessing = 0;
		};
/* End PBXSourcesBuildPhase section */

/* Begin XCBuildConfiguration section */
		77F0E1A42B9145900024CB5A /* Debug */ = {
			isa = XCBuildConfiguration;
			buildSettings = {
				ALWAYS_SEARCH_USER_PATHS = NO;
				CLANG_ANALYZER_NONNULL = YES;
				CLANG_ANALYZER_NUMBER_OBJECT_CONVERSION = YES_AGGRESSIVE;
				CLANG_CXX_LANGUAGE_STANDARD = "gnu++20";
				CLANG_ENABLE_MODULES = YES;
				CLANG_ENABLE_OBJC_ARC = YES;
				CLANG_ENABLE_OBJC_WEAK = YES;
				CLANG_WARN_BLOCK_CAPTURE_AUTORELEASING = YES;
				CLANG_WARN_BOOL_CONVERSION = YES;
				CLANG_WARN_COMMA = YES;
				CLANG_WARN_CONSTANT_CONVERSION = YES;
				CLANG_WARN_DEPRECATED_OBJC_IMPLEMENTATIONS = YES;
				CLANG_WARN_DIRECT_OBJC_ISA_USAGE = YES_ERROR;
				CLANG_WARN_DOCUMENTATION_COMMENTS = YES;
				CLANG_WARN_EMPTY_BODY = YES;
				CLANG_WARN_ENUM_CONVERSION = YES;
				CLANG_WARN_INFINITE_RECURSION = YES;
				CLANG_WARN_INT_CONVERSION = YES;
				CLANG_WARN_NON_LITERAL_NULL_CONVERSION = YES;
				CLANG_WARN_OBJC_IMPLICIT_RETAIN_SELF = YES;
				CLANG_WARN_OBJC_LITERAL_CONVERSION = YES;
				CLANG_WARN_OBJC_ROOT_CLASS = YES_ERROR;
				CLANG_WARN_QUOTED_INCLUDE_IN_FRAMEWORK_HEADER = YES;
				CLANG_WARN_RANGE_LOOP_ANALYSIS = YES;
				CLANG_WARN_STRICT_PROTOTYPES = YES;
				CLANG_WARN_SUSPICIOUS_MOVE = YES;
				CLANG_WARN_UNGUARDED_AVAILABILITY = YES_AGGRESSIVE;
				CLANG_WARN_UNREACHABLE_CODE = YES;
				CLANG_WARN__DUPLICATE_METHOD_MATCH = YES;
				COPY_PHASE_STRIP = NO;
				DEBUG_INFORMATION_FORMAT = dwarf;
				ENABLE_STRICT_OBJC_MSGSEND = YES;
				ENABLE_TESTABILITY = YES;
				GCC_C_LANGUAGE_STANDARD = gnu11;
				GCC_DYNAMIC_NO_PIC = NO;
				GCC_NO_COMMON_BLOCKS = YES;
				GCC_OPTIMIZATION_LEVEL = 0;
				GCC_PREPROCESSOR_DEFINITIONS = (
					"DEBUG=1",
					"$(inherited)",
				);
				GCC_WARN_64_TO_32_BIT_CONVERSION = YES;
				GCC_WARN_ABOUT_RETURN_TYPE = YES_ERROR;
				GCC_WARN_UNDECLARED_SELECTOR = YES;
				GCC_WARN_UNINITIALIZED_AUTOS = YES_AGGRESSIVE;
				GCC_WARN_UNUSED_FUNCTION = YES;
				GCC_WARN_UNUSED_VARIABLE = YES;
				MACOSX_DEPLOYMENT_TARGET = 12.7;
				MTL_ENABLE_DEBUG_INFO = INCLUDE_SOURCE;
				MTL_FAST_MATH = YES;
				ONLY_ACTIVE_ARCH = YES;
				SDKROOT = macosx;
			};
			name = Debug;
		};
		77F0E1A52B9145900024CB5A /* Release */ = {
			isa = XCBuildConfiguration;
			buildSettings = {
				ALWAYS_SEARCH_USER_PATHS = NO;
				CLANG_ANALYZER_NONNULL = YES;
				CLANG_ANALYZER_NUMBER_OBJECT_CONVERSION = YES_AGGRESSIVE;
				CLANG_CXX_LANGUAGE_STANDARD = "gnu++20";
				CLANG_ENABLE_MODULES = YES;
				CLANG_ENABLE_OBJC_ARC = YES;
				CLANG_ENABLE_OBJC_WEAK = YES;
				CLANG_WARN_BLOCK_CAPTURE_AUTORELEASING = YES;
				CLANG_WARN_BOOL_CONVERSION = YES;
				CLANG_WARN_COMMA = YES;
				CLANG_WARN_CONSTANT_CONVERSION = YES;
				CLANG_WARN_DEPRECATED_OBJC_IMPLEMENTATIONS = YES;
				CLANG_WARN_DIRECT_OBJC_ISA_USAGE = YES_ERROR;
				CLANG_WARN_DOCUMENTATION_COMMENTS = YES;
				CLANG_WARN_EMPTY_BODY = YES;
				CLANG_WARN_ENUM_CONVERSION = YES;
				CLANG_WARN_INFINITE_RECURSION = YES;
				CLANG_WARN_INT_CONVERSION = YES;
				CLANG_WARN_NON_LITERAL_NULL_CONVERSION = YES;
				CLANG_WARN_OBJC_IMPLICIT_RETAIN_SELF = YES;
				CLANG_WARN_OBJC_LITERAL_CONVERSION = YES;
				CLANG_WARN_OBJC_ROOT_CLASS = YES_ERROR;
				CLANG_WARN_QUOTED_INCLUDE_IN_FRAMEWORK_HEADER = YES;
				CLANG_WARN_RANGE_LOOP_ANALYSIS = YES;
				CLANG_WARN_STRICT_PROTOTYPES = YES;
				CLANG_WARN_SUSPICIOUS_MOVE = YES;
				CLANG_WARN_UNGUARDED_AVAILABILITY = YES_AGGRESSIVE;
				CLANG_WARN_UNREACHABLE_CODE = YES;
				CLANG_WARN__DUPLICATE_METHOD_MATCH = YES;
				COPY_PHASE_STRIP = NO;
				DEBUG_INFORMATION_FORMAT = "dwarf-with-dsym";
				ENABLE_NS_ASSERTIONS = NO;
				ENABLE_STRICT_OBJC_MSGSEND = YES;
				GCC_C_LANGUAGE_STANDARD = gnu11;
				GCC_NO_COMMON_BLOCKS = YES;
				GCC_WARN_64_TO_32_BIT_CONVERSION = YES;
				GCC_WARN_ABOUT_RETURN_TYPE = YES_ERROR;
				GCC_WARN_UNDECLARED_SELECTOR = YES;
				GCC_WARN_UNINITIALIZED_AUTOS = YES_AGGRESSIVE;
				GCC_WARN_UNUSED_FUNCTION = YES;
				GCC_WARN_UNUSED_VARIABLE = YES;
				MACOSX_DEPLOYMENT_TARGET = 12.7;
				MTL_ENABLE_DEBUG_INFO = NO;
				MTL_FAST_MATH = YES;
				SDKROOT = macosx;
			};
			name = Release;
		};
		77F0E1A72B9145900024CB5A /* Debug */ = {
			isa = XCBuildConfiguration;
			buildSettings = {
				CODE_SIGN_STYLE = Automatic;
				PRODUCT_NAME = "$(TARGET_NAME)";
			};
			name = Debug;
		};
		77F0E1A82B9145900024CB5A /* Release */ = {
			isa = XCBuildConfiguration;
			buildSettings = {
				CODE_SIGN_STYLE = Automatic;
				PRODUCT_NAME = "$(TARGET_NAME)";
			};
			name = Release;
		};
/* End XCBuildConfiguration section */

/* Begin XCConfigurationList section */
		77F0E19A2B9145900024CB5A /* Build configuration list for PBXProject "COSC2425_PS1_KMap" */ = {
			isa = XCConfigurationList;
			buildConfigurations = (
				77F0E1A42B9145900024CB5A /* Debug */,
				77F0E1A52B9145900024CB5A /* Release */,
			);
			defaultConfigurationIsVisible = 0;
			defaultConfigurationName = Release;
		};
		77F0E1A62B9145900024CB5A /* Build configuration list for PBXNativeTarget "COSC2425_PS1_KMap" */ = {
			isa = XCConfigurationList;
			buildConfigurations = (
				77F0E1A72B9145900024CB5A /* Debug */,
				77F0E1A82B9145900024CB5A /* Release */,
			);
			defaultConfigurationIsVisible = 0;
			defaultConfigurationName = Release;
		};
/* End XCConfigurationList section */
	};
	rootObject = 77F0E1972B9145900024CB5A /* Project object */;
}
